
Microsoft Visual Studio Solution File, Format Version 12.00
# Visual Studio Version 17
VisualStudioVersion = 17.0.31903.59
MinimumVisualStudioVersion = 10.0.40219.1
Project("{2150E333-8FDC-42A3-9474-1A3956D46DE8}") = "src", "src", "{FFBE5D9C-B855-4A86-9264-0D6229B601CC}"
EndProject
Project("{FAE04EC0-301F-11D3-BF4B-00C04F79EFBC}") = "Api", "src\TrainRecord.Api\Api.csproj", "{207E8107-A849-4419-AD4B-44D5BEC2DBB2}"
EndProject
Project("{FAE04EC0-301F-11D3-BF4B-00C04F79EFBC}") = "Infrastructure", "src\TrainRecord.Infrastructure\Infrastructure.csproj", "{19CB29CA-479C-44A0-87DA-FB8BCDEA4119}"
EndProject
Project("{FAE04EC0-301F-11D3-BF4B-00C04F79EFBC}") = "Core", "src\TrainRecord.Core\Core.csproj", "{1B136C08-C42F-4337-85A1-EC9D3F0C8A75}"
EndProject
Project("{FAE04EC0-301F-11D3-BF4B-00C04F79EFBC}") = "Application", "src\TrainRecord.Application\Application.csproj", "{B7A004D7-DCEC-45C2-BD3B-AE748F3AC01F}"
EndProject
Global
	GlobalSection(SolutionConfigurationPlatforms) = preSolution
		Debug|Any CPU = Debug|Any CPU
		Release|Any CPU = Release|Any CPU
	EndGlobalSection
	GlobalSection(SolutionProperties) = preSolution
		HideSolutionNode = FALSE
	EndGlobalSection
	GlobalSection(ProjectConfigurationPlatforms) = postSolution
		{207E8107-A849-4419-AD4B-44D5BEC2DBB2}.Debug|Any CPU.ActiveCfg = Debug|Any CPU
		{207E8107-A849-4419-AD4B-44D5BEC2DBB2}.Debug|Any CPU.Build.0 = Debug|Any CPU
		{207E8107-A849-4419-AD4B-44D5BEC2DBB2}.Release|Any CPU.ActiveCfg = Release|Any CPU
		{207E8107-A849-4419-AD4B-44D5BEC2DBB2}.Release|Any CPU.Build.0 = Release|Any CPU
		{19CB29CA-479C-44A0-87DA-FB8BCDEA4119}.Debug|Any CPU.ActiveCfg = Debug|Any CPU
		{19CB29CA-479C-44A0-87DA-FB8BCDEA4119}.Debug|Any CPU.Build.0 = Debug|Any CPU
		{19CB29CA-479C-44A0-87DA-FB8BCDEA4119}.Release|Any CPU.ActiveCfg = Release|Any CPU
		{19CB29CA-479C-44A0-87DA-FB8BCDEA4119}.Release|Any CPU.Build.0 = Release|Any CPU
		{1B136C08-C42F-4337-85A1-EC9D3F0C8A75}.Debug|Any CPU.ActiveCfg = Debug|Any CPU
		{1B136C08-C42F-4337-85A1-EC9D3F0C8A75}.Debug|Any CPU.Build.0 = Debug|Any CPU
		{1B136C08-C42F-4337-85A1-EC9D3F0C8A75}.Release|Any CPU.ActiveCfg = Release|Any CPU
		{1B136C08-C42F-4337-85A1-EC9D3F0C8A75}.Release|Any CPU.Build.0 = Release|Any CPU
		{B7A004D7-DCEC-45C2-BD3B-AE748F3AC01F}.Debug|Any CPU.ActiveCfg = Debug|Any CPU
		{B7A004D7-DCEC-45C2-BD3B-AE748F3AC01F}.Debug|Any CPU.Build.0 = Debug|Any CPU
		{B7A004D7-DCEC-45C2-BD3B-AE748F3AC01F}.Release|Any CPU.ActiveCfg = Release|Any CPU
		{B7A004D7-DCEC-45C2-BD3B-AE748F3AC01F}.Release|Any CPU.Build.0 = Release|Any CPU
	EndGlobalSection
	GlobalSection(NestedProjects) = preSolution
		{207E8107-A849-4419-AD4B-44D5BEC2DBB2} = {FFBE5D9C-B855-4A86-9264-0D6229B601CC}
		{19CB29CA-479C-44A0-87DA-FB8BCDEA4119} = {FFBE5D9C-B855-4A86-9264-0D6229B601CC}
		{1B136C08-C42F-4337-85A1-EC9D3F0C8A75} = {FFBE5D9C-B855-4A86-9264-0D6229B601CC}
		{B7A004D7-DCEC-45C2-BD3B-AE748F3AC01F} = {FFBE5D9C-B855-4A86-9264-0D6229B601CC}
	EndGlobalSection
EndGlobal
